# THIS IS AN AUTOGENERATED FILE. DO NOT EDIT THIS FILE DIRECTLY.
# yarn lockfile v1


animate.css@^3.6.1:
  version "3.6.1"
  resolved "https://registry.yarnpkg.com/animate.css/-/animate.css-3.6.1.tgz#4ea8a48556378bc8d7535224296c4c0dac9229de"

aos@^2.2.0:
  version "2.2.0"
  resolved "https://registry.yarnpkg.com/aos/-/aos-2.2.0.tgz#e388a873324c99e5dae0c5169226d1163dee5135"
  dependencies:
    classlist-polyfill "^1.0.3"
    lodash.debounce "^4.0.6"
    lodash.throttle "^4.0.1"

bootstrap@^4.0.0:
  version "4.0.0"
  resolved "https://registry.yarnpkg.com/bootstrap/-/bootstrap-4.0.0.tgz#ceb03842c145fcc1b9b4e15da2a05656ba68469a"

classlist-polyfill@^1.0.3:
  version "1.2.0"
  resolved "https://registry.yarnpkg.com/classlist-polyfill/-/classlist-polyfill-1.2.0.tgz#935bc2dfd9458a876b279617514638bcaa964a2e"

dom7@^2.0.3:
  version "2.0.3"
  resolved "https://registry.yarnpkg.com/dom7/-/dom7-2.0.3.tgz#610c530d32ebd9690d3959b19a0f379584f24fc4"
  dependencies:
    ssr-window "^1.0.0"

font-awesome@^4.7.0:
  version "4.7.0"
  resolved "https://registry.yarnpkg.com/font-awesome/-/font-awesome-4.7.0.tgz#8fa8cf0411a1a31afd07b06d2902bb9fc815a133"

jquery@^3.3.1:
  version "3.3.1"
  resolved "https://registry.yarnpkg.com/jquery/-/jquery-3.3.1.tgz#958ce29e81c9790f31be7792df5d4d95fc57fbca"

lodash.debounce@^4.0.6:
  version "4.0.8"
  resolved "https://registry.yarnpkg.com/lodash.debounce/-/lodash.debounce-4.0.8.tgz#82d79bff30a67c4005ffd5e2515300ad9ca4d7af"

lodash.throttle@^4.0.1:
  version "4.1.1"
  resolved "https://registry.yarnpkg.com/lodash.throttle/-/lodash.throttle-4.1.1.tgz#c23e91b710242ac70c37f1e1cda9274cc39bf2f4"

ssr-window@^1.0.0:
  version "1.0.0"
  resolved "https://registry.yarnpkg.com/ssr-window/-/ssr-window-1.0.0.tgz#8ed1b6beaa0a371ba7e74d6515d584c3f1cf973c"

swiper@^4.2.0:
  version "4.2.0"
  resolved "https://registry.yarnpkg.com/swiper/-/swiper-4.2.0.tgz#1490de68e7ba4eeecb54565de06005a7398455ee"
  dependencies:
    dom7 "^2.0.3"
    ssr-window "^1.0.0"
